{
  "version": 4,
  "terraform_version": "1.9.6",
  "serial": 17,
  "lineage": "7b333140-9765-1b15-7749-4ebc06c044da",
  "outputs": {
    "random_id_value": {
      "value": "d48e48e174e2",
      "type": "string"
    },
    "subnet_id_app_service": {
      "value": "/subscriptions/2d8d3767-6ea6-4e1a-a6b1-606e793fca7d/resourceGroups/shop-app-rg-d48e48e174e2/providers/Microsoft.Network/virtualNetworks/d48e48e174e2-vnet/subnets/subnet-app-service-d48e48e174e2",
      "type": "string"
    }
  },
  "resources": [
    {
      "mode": "managed",
      "type": "azurerm_resource_group",
      "name": "shop",
      "provider": "provider[\"registry.terraform.io/hashicorp/azurerm\"]",
      "instances": [
        {
          "schema_version": 0,
          "attributes": {
            "id": "/subscriptions/2d8d3767-6ea6-4e1a-a6b1-606e793fca7d/resourceGroups/shop-app-rg-d48e48e174e2",
            "location": "francecentral",
            "managed_by": "",
            "name": "shop-app-rg-d48e48e174e2",
            "tags": null,
            "timeouts": null
          },
          "sensitive_attributes": [],
          "private": "eyJlMmJmYjczMC1lY2FhLTExZTYtOGY4OC0zNDM2M2JjN2M0YzAiOnsiY3JlYXRlIjo1NDAwMDAwMDAwMDAwLCJkZWxldGUiOjU0MDAwMDAwMDAwMDAsInJlYWQiOjMwMDAwMDAwMDAwMCwidXBkYXRlIjo1NDAwMDAwMDAwMDAwfX0=",
          "dependencies": [
            "random_id.random"
          ]
        }
      ]
    },
    {
      "mode": "managed",
      "type": "random_id",
      "name": "random",
      "provider": "provider[\"registry.terraform.io/hashicorp/random\"]",
      "instances": [
        {
          "schema_version": 0,
          "attributes": {
            "b64_std": "1I5I4XTi",
            "b64_url": "1I5I4XTi",
            "byte_length": 6,
            "dec": "233707573179618",
            "hex": "d48e48e174e2",
            "id": "1I5I4XTi",
            "keepers": null,
            "prefix": null
          },
          "sensitive_attributes": []
        }
      ]
    },
    {
      "module": "module.app_service",
      "mode": "managed",
      "type": "azurerm_linux_web_app",
      "name": "app_service_project",
      "provider": "provider[\"registry.terraform.io/hashicorp/azurerm\"]",
      "instances": [
        {
          "schema_version": 1,
          "attributes": {
            "app_settings": {
              "DATABASE_HOST": "postgresql-server-d48e48e174e2.postgres.database.azure.com",
              "DATABASE_NAME": "app",
              "DATABASE_PASSWORD": "1234",
              "DATABASE_PORT": "5432",
              "DATABASE_USER": "bob",
              "PORT": "5000"
            },
            "auth_settings": [],
            "auth_settings_v2": [],
            "backup": [],
            "client_affinity_enabled": false,
            "client_certificate_enabled": false,
            "client_certificate_exclusion_paths": "",
            "client_certificate_mode": "Required",
            "connection_string": [],
            "custom_domain_verification_id": "B1678ABDBA6035C3C96BD1AEE52ABC7F7A2C97D4EC6E510927C27998D4FE1CC7",
            "default_hostname": "shop-app-service-d48e48e174e2.azurewebsites.net",
            "enabled": true,
            "ftp_publish_basic_authentication_enabled": true,
            "hosting_environment_id": "",
            "https_only": false,
            "id": "/subscriptions/2d8d3767-6ea6-4e1a-a6b1-606e793fca7d/resourceGroups/shop-app-rg-d48e48e174e2/providers/Microsoft.Web/sites/shop-app-service-d48e48e174e2",
            "identity": [
              {
                "identity_ids": null,
                "principal_id": "16b4ea68-1e0c-45a9-b8f2-8cae3bf1abc4",
                "tenant_id": "19e51c11-d919-4a98-899d-9b9dc33f4e04",
                "type": "SystemAssigned"
              }
            ],
            "key_vault_reference_identity_id": "SystemAssigned",
            "kind": "app,linux,container",
            "location": "francecentral",
            "logs": [],
            "name": "shop-app-service-d48e48e174e2",
            "outbound_ip_address_list": [
              "20.74.119.173",
              "20.74.119.187",
              "20.74.119.209",
              "20.74.114.180",
              "20.74.115.103",
              "20.74.114.152",
              "20.74.40.91",
              "20.74.115.182",
              "20.74.115.218",
              "20.74.115.250",
              "20.74.116.134",
              "20.74.116.140",
              "20.111.1.9"
            ],
            "outbound_ip_addresses": "20.74.119.173,20.74.119.187,20.74.119.209,20.74.114.180,20.74.115.103,20.74.114.152,20.74.40.91,20.74.115.182,20.74.115.218,20.74.115.250,20.74.116.134,20.74.116.140,20.111.1.9",
            "possible_outbound_ip_address_list": [
              "20.74.119.173",
              "20.74.119.187",
              "20.74.119.209",
              "20.74.114.180",
              "20.74.115.103",
              "20.74.114.152",
              "20.74.40.91",
              "20.74.115.182",
              "20.74.115.218",
              "20.74.115.250",
              "20.74.116.134",
              "20.74.116.140",
              "20.74.116.243",
              "20.74.117.9",
              "20.74.117.48",
              "20.74.118.82",
              "20.74.118.181",
              "20.74.118.210",
              "20.74.118.239",
              "20.74.119.1",
              "20.74.119.15",
              "20.74.119.67",
              "20.74.119.113",
              "20.74.119.162",
              "20.74.114.134",
              "20.74.114.179",
              "20.74.113.223",
              "20.199.0.47",
              "20.199.1.158",
              "20.199.1.192",
              "20.111.1.9"
            ],
            "possible_outbound_ip_addresses": "20.74.119.173,20.74.119.187,20.74.119.209,20.74.114.180,20.74.115.103,20.74.114.152,20.74.40.91,20.74.115.182,20.74.115.218,20.74.115.250,20.74.116.134,20.74.116.140,20.74.116.243,20.74.117.9,20.74.117.48,20.74.118.82,20.74.118.181,20.74.118.210,20.74.118.239,20.74.119.1,20.74.119.15,20.74.119.67,20.74.119.113,20.74.119.162,20.74.114.134,20.74.114.179,20.74.113.223,20.199.0.47,20.199.1.158,20.199.1.192,20.111.1.9",
            "public_network_access_enabled": true,
            "resource_group_name": "shop-app-rg-d48e48e174e2",
            "service_plan_id": "/subscriptions/2d8d3767-6ea6-4e1a-a6b1-606e793fca7d/resourceGroups/shop-app-rg-d48e48e174e2/providers/Microsoft.Web/serverFarms/shop-service-plan-d48e48e174e2",
            "site_config": [
              {
                "always_on": true,
                "api_definition_url": "",
                "api_management_api_id": "",
                "app_command_line": "",
                "application_stack": [
                  {
                    "docker_image_name": "test",
                    "docker_registry_password": "1234",
                    "docker_registry_url": "https://ghcr.io",
                    "docker_registry_username": "bob",
                    "dotnet_version": "",
                    "go_version": "",
                    "java_server": "",
                    "java_server_version": "",
                    "java_version": "",
                    "node_version": "",
                    "php_version": "",
                    "python_version": "",
                    "ruby_version": ""
                  }
                ],
                "auto_heal_setting": [],
                "container_registry_managed_identity_client_id": "",
                "container_registry_use_managed_identity": false,
                "cors": [],
                "default_documents": [
                  "Default.htm",
                  "Default.html",
                  "Default.asp",
                  "index.htm",
                  "index.html",
                  "iisstart.htm",
                  "default.aspx",
                  "index.php",
                  "hostingstart.html"
                ],
                "detailed_error_logging_enabled": false,
                "ftps_state": "Disabled",
                "health_check_eviction_time_in_min": 0,
                "health_check_path": "",
                "http2_enabled": false,
                "ip_restriction": [],
                "ip_restriction_default_action": "Allow",
                "linux_fx_version": "DOCKER|ghcr.io/test",
                "load_balancing_mode": "LeastRequests",
                "local_mysql_enabled": false,
                "managed_pipeline_mode": "Integrated",
                "minimum_tls_version": "1.2",
                "remote_debugging_enabled": false,
                "remote_debugging_version": "VS2022",
                "scm_ip_restriction": [],
                "scm_ip_restriction_default_action": "Allow",
                "scm_minimum_tls_version": "1.2",
                "scm_type": "None",
                "scm_use_main_ip_restriction": false,
                "use_32_bit_worker": true,
                "vnet_route_all_enabled": false,
                "websockets_enabled": false,
                "worker_count": 1
              }
            ],
            "site_credential": [
              {
                "name": "$shop-app-service-d48e48e174e2",
                "password": "niYluaLK0ntypdlol4Ajf1ClRTjDLhfLNJfrXdp8Kw31mFx5rA2Cnu2g59yu"
              }
            ],
            "sticky_settings": [],
            "storage_account": [],
            "tags": null,
            "timeouts": null,
            "virtual_network_subnet_id": "/subscriptions/2d8d3767-6ea6-4e1a-a6b1-606e793fca7d/resourceGroups/shop-app-rg-d48e48e174e2/providers/Microsoft.Network/virtualNetworks/d48e48e174e2-vnet/subnets/subnet-app-service-d48e48e174e2",
            "webdeploy_publish_basic_authentication_enabled": true,
            "zip_deploy_file": ""
          },
          "sensitive_attributes": [
            [
              {
                "type": "get_attr",
                "value": "app_settings"
              },
              {
                "type": "index",
                "value": {
                  "value": "DATABASE_PASSWORD",
                  "type": "string"
                }
              }
            ],
            [
              {
                "type": "get_attr",
                "value": "site_config"
              },
              {
                "type": "index",
                "value": {
                  "value": 0,
                  "type": "number"
                }
              },
              {
                "type": "get_attr",
                "value": "application_stack"
              },
              {
                "type": "index",
                "value": {
                  "value": 0,
                  "type": "number"
                }
              },
              {
                "type": "get_attr",
                "value": "docker_registry_password"
              }
            ],
            [
              {
                "type": "get_attr",
                "value": "site_credential"
              }
            ],
            [
              {
                "type": "get_attr",
                "value": "custom_domain_verification_id"
              }
            ]
          ],
          "private": "eyJlMmJmYjczMC1lY2FhLTExZTYtOGY4OC0zNDM2M2JjN2M0YzAiOnsiY3JlYXRlIjoxODAwMDAwMDAwMDAwLCJkZWxldGUiOjE4MDAwMDAwMDAwMDAsInJlYWQiOjMwMDAwMDAwMDAwMCwidXBkYXRlIjoxODAwMDAwMDAwMDAwfSwic2NoZW1hX3ZlcnNpb24iOiIxIn0=",
          "dependencies": [
            "azurerm_resource_group.shop",
            "module.app_service.azurerm_service_plan.service_plan_project",
            "module.database.azurerm_postgresql_flexible_server.postgresql-server",
            "module.database.azurerm_private_dns_zone.private_dns_zone",
            "module.vnet.azurerm_subnet.subnet_app_service",
            "module.vnet.azurerm_subnet.subnet_db",
            "module.vnet.azurerm_virtual_network.vnet",
            "random_id.random"
          ]
        }
      ]
    },
    {
      "module": "module.app_service",
      "mode": "managed",
      "type": "azurerm_service_plan",
      "name": "service_plan_project",
      "provider": "provider[\"registry.terraform.io/hashicorp/azurerm\"]",
      "instances": [
        {
          "schema_version": 1,
          "attributes": {
            "app_service_environment_id": "",
            "id": "/subscriptions/2d8d3767-6ea6-4e1a-a6b1-606e793fca7d/resourceGroups/shop-app-rg-d48e48e174e2/providers/Microsoft.Web/serverFarms/shop-service-plan-d48e48e174e2",
            "kind": "linux",
            "location": "francecentral",
            "maximum_elastic_worker_count": 1,
            "name": "shop-service-plan-d48e48e174e2",
            "os_type": "Linux",
            "per_site_scaling_enabled": false,
            "reserved": true,
            "resource_group_name": "shop-app-rg-d48e48e174e2",
            "sku_name": "B1",
            "tags": null,
            "timeouts": null,
            "worker_count": 1,
            "zone_balancing_enabled": false
          },
          "sensitive_attributes": [],
          "private": "eyJlMmJmYjczMC1lY2FhLTExZTYtOGY4OC0zNDM2M2JjN2M0YzAiOnsiY3JlYXRlIjozNjAwMDAwMDAwMDAwLCJkZWxldGUiOjM2MDAwMDAwMDAwMDAsInJlYWQiOjMwMDAwMDAwMDAwMCwidXBkYXRlIjozNjAwMDAwMDAwMDAwfSwic2NoZW1hX3ZlcnNpb24iOiIxIn0=",
          "dependencies": [
            "azurerm_resource_group.shop",
            "random_id.random"
          ]
        }
      ]
    },
    {
      "module": "module.database",
      "mode": "managed",
      "type": "azurerm_postgresql_flexible_server",
      "name": "postgresql-server",
      "provider": "provider[\"registry.terraform.io/hashicorp/azurerm\"]",
      "instances": [
        {
          "schema_version": 0,
          "attributes": {
            "administrator_login": "bob",
            "administrator_password": "1234",
            "authentication": [
              {
                "active_directory_auth_enabled": false,
                "password_auth_enabled": true,
                "tenant_id": ""
              }
            ],
            "auto_grow_enabled": false,
            "backup_retention_days": 7,
            "create_mode": null,
            "customer_managed_key": [],
            "delegated_subnet_id": "/subscriptions/2d8d3767-6ea6-4e1a-a6b1-606e793fca7d/resourceGroups/shop-app-rg-d48e48e174e2/providers/Microsoft.Network/virtualNetworks/d48e48e174e2-vnet/subnets/subnet-db-d48e48e174e2",
            "fqdn": "postgresql-server-d48e48e174e2.postgres.database.azure.com",
            "geo_redundant_backup_enabled": false,
            "high_availability": [],
            "id": "/subscriptions/2d8d3767-6ea6-4e1a-a6b1-606e793fca7d/resourceGroups/shop-app-rg-d48e48e174e2/providers/Microsoft.DBforPostgreSQL/flexibleServers/postgresql-server-d48e48e174e2",
            "identity": [],
            "location": "francecentral",
            "maintenance_window": [],
            "name": "postgresql-server-d48e48e174e2",
            "point_in_time_restore_time_in_utc": null,
            "private_dns_zone_id": "/subscriptions/2d8d3767-6ea6-4e1a-a6b1-606e793fca7d/resourceGroups/shop-app-rg-d48e48e174e2/providers/Microsoft.Network/privateDnsZones/d48e48e174e2.postgres.database.azure.com",
            "public_network_access_enabled": false,
            "replication_role": "",
            "resource_group_name": "shop-app-rg-d48e48e174e2",
            "sku_name": "B_Standard_B1ms",
            "source_server_id": null,
            "storage_mb": 32768,
            "storage_tier": "P4",
            "tags": null,
            "timeouts": null,
            "version": "16",
            "zone": "1"
          },
          "sensitive_attributes": [
            [
              {
                "type": "get_attr",
                "value": "administrator_password"
              }
            ]
          ],
          "private": "eyJlMmJmYjczMC1lY2FhLTExZTYtOGY4OC0zNDM2M2JjN2M0YzAiOnsiY3JlYXRlIjozNjAwMDAwMDAwMDAwLCJkZWxldGUiOjM2MDAwMDAwMDAwMDAsInJlYWQiOjMwMDAwMDAwMDAwMCwidXBkYXRlIjozNjAwMDAwMDAwMDAwfX0=",
          "dependencies": [
            "azurerm_resource_group.shop",
            "module.database.azurerm_private_dns_zone.private_dns_zone",
            "module.vnet.azurerm_subnet.subnet_db",
            "module.vnet.azurerm_virtual_network.vnet",
            "random_id.random"
          ]
        }
      ]
    },
    {
      "module": "module.database",
      "mode": "managed",
      "type": "azurerm_postgresql_flexible_server_database",
      "name": "postgresql_database",
      "provider": "provider[\"registry.terraform.io/hashicorp/azurerm\"]",
      "instances": [
        {
          "schema_version": 0,
          "attributes": {
            "charset": "UTF8",
            "collation": "en_US.utf8",
            "id": "/subscriptions/2d8d3767-6ea6-4e1a-a6b1-606e793fca7d/resourceGroups/shop-app-rg-d48e48e174e2/providers/Microsoft.DBforPostgreSQL/flexibleServers/postgresql-server-d48e48e174e2/databases/shop",
            "name": "shop",
            "server_id": "/subscriptions/2d8d3767-6ea6-4e1a-a6b1-606e793fca7d/resourceGroups/shop-app-rg-d48e48e174e2/providers/Microsoft.DBforPostgreSQL/flexibleServers/postgresql-server-d48e48e174e2",
            "timeouts": null
          },
          "sensitive_attributes": [],
          "private": "eyJlMmJmYjczMC1lY2FhLTExZTYtOGY4OC0zNDM2M2JjN2M0YzAiOnsiY3JlYXRlIjoxODAwMDAwMDAwMDAwLCJkZWxldGUiOjE4MDAwMDAwMDAwMDAsInJlYWQiOjMwMDAwMDAwMDAwMH19",
          "dependencies": [
            "azurerm_resource_group.shop",
            "module.database.azurerm_postgresql_flexible_server.postgresql-server",
            "module.database.azurerm_private_dns_zone.private_dns_zone",
            "module.vnet.azurerm_subnet.subnet_db",
            "module.vnet.azurerm_virtual_network.vnet",
            "random_id.random"
          ]
        }
      ]
    },
    {
      "module": "module.database",
      "mode": "managed",
      "type": "azurerm_private_dns_zone",
      "name": "private_dns_zone",
      "provider": "provider[\"registry.terraform.io/hashicorp/azurerm\"]",
      "instances": [
        {
          "schema_version": 0,
          "attributes": {
            "id": "/subscriptions/2d8d3767-6ea6-4e1a-a6b1-606e793fca7d/resourceGroups/shop-app-rg-d48e48e174e2/providers/Microsoft.Network/privateDnsZones/d48e48e174e2.postgres.database.azure.com",
            "max_number_of_record_sets": 25000,
            "max_number_of_virtual_network_links": 1000,
            "max_number_of_virtual_network_links_with_registration": 100,
            "name": "d48e48e174e2.postgres.database.azure.com",
            "number_of_record_sets": 1,
            "resource_group_name": "shop-app-rg-d48e48e174e2",
            "soa_record": [
              {
                "email": "azureprivatedns-host.microsoft.com",
                "expire_time": 2419200,
                "fqdn": "d48e48e174e2.postgres.database.azure.com.",
                "host_name": "azureprivatedns.net",
                "minimum_ttl": 10,
                "refresh_time": 3600,
                "retry_time": 300,
                "serial_number": 1,
                "tags": {},
                "ttl": 3600
              }
            ],
            "tags": null,
            "timeouts": null
          },
          "sensitive_attributes": [],
          "private": "eyJlMmJmYjczMC1lY2FhLTExZTYtOGY4OC0zNDM2M2JjN2M0YzAiOnsiY3JlYXRlIjoxODAwMDAwMDAwMDAwLCJkZWxldGUiOjE4MDAwMDAwMDAwMDAsInJlYWQiOjMwMDAwMDAwMDAwMCwidXBkYXRlIjoxODAwMDAwMDAwMDAwfX0=",
          "dependencies": [
            "azurerm_resource_group.shop",
            "random_id.random"
          ]
        }
      ]
    },
    {
      "module": "module.database",
      "mode": "managed",
      "type": "azurerm_private_dns_zone_virtual_network_link",
      "name": "private_dns_zone_virtual_network_link",
      "provider": "provider[\"registry.terraform.io/hashicorp/azurerm\"]",
      "instances": [
        {
          "schema_version": 0,
          "attributes": {
            "id": "/subscriptions/2d8d3767-6ea6-4e1a-a6b1-606e793fca7d/resourceGroups/shop-app-rg-d48e48e174e2/providers/Microsoft.Network/privateDnsZones/d48e48e174e2.postgres.database.azure.com/virtualNetworkLinks/d48e48e174e2-link",
            "name": "d48e48e174e2-link",
            "private_dns_zone_name": "d48e48e174e2.postgres.database.azure.com",
            "registration_enabled": false,
            "resource_group_name": "shop-app-rg-d48e48e174e2",
            "tags": null,
            "timeouts": null,
            "virtual_network_id": "/subscriptions/2d8d3767-6ea6-4e1a-a6b1-606e793fca7d/resourceGroups/shop-app-rg-d48e48e174e2/providers/Microsoft.Network/virtualNetworks/d48e48e174e2-vnet"
          },
          "sensitive_attributes": [],
          "private": "eyJlMmJmYjczMC1lY2FhLTExZTYtOGY4OC0zNDM2M2JjN2M0YzAiOnsiY3JlYXRlIjoxODAwMDAwMDAwMDAwLCJkZWxldGUiOjE4MDAwMDAwMDAwMDAsInJlYWQiOjMwMDAwMDAwMDAwMCwidXBkYXRlIjoxODAwMDAwMDAwMDAwfX0=",
          "dependencies": [
            "azurerm_resource_group.shop",
            "module.database.azurerm_private_dns_zone.private_dns_zone",
            "module.vnet.azurerm_virtual_network.vnet",
            "random_id.random"
          ]
        }
      ]
    },
    {
      "module": "module.gateway",
      "mode": "managed",
      "type": "azurerm_application_gateway",
      "name": "app_gateway",
      "provider": "provider[\"registry.terraform.io/hashicorp/azurerm\"]",
      "instances": [
        {
          "schema_version": 0,
          "attributes": {
            "authentication_certificate": [],
            "autoscale_configuration": [],
            "backend_address_pool": [
              {
                "fqdns": [
                  "shop-app-service-d48e48e174e2.azurewebsites.net"
                ],
                "id": "/subscriptions/2d8d3767-6ea6-4e1a-a6b1-606e793fca7d/resourceGroups/shop-app-rg-d48e48e174e2/providers/Microsoft.Network/applicationGateways/app-gateway-d48e48e174e2/backendAddressPools/d48e48e174e2-beap",
                "ip_addresses": [],
                "name": "d48e48e174e2-beap"
              }
            ],
            "backend_http_settings": [
              {
                "affinity_cookie_name": "",
                "authentication_certificate": [],
                "connection_draining": [],
                "cookie_based_affinity": "Disabled",
                "host_name": "",
                "id": "/subscriptions/2d8d3767-6ea6-4e1a-a6b1-606e793fca7d/resourceGroups/shop-app-rg-d48e48e174e2/providers/Microsoft.Network/applicationGateways/app-gateway-d48e48e174e2/backendHttpSettingsCollection/d48e48e174e2-be-htst",
                "name": "d48e48e174e2-be-htst",
                "path": "/",
                "pick_host_name_from_backend_address": false,
                "port": 5000,
                "probe_id": "",
                "probe_name": "",
                "protocol": "Http",
                "request_timeout": 2,
                "trusted_root_certificate_names": []
              }
            ],
            "custom_error_configuration": [],
            "enable_http2": false,
            "fips_enabled": false,
            "firewall_policy_id": "",
            "force_firewall_policy_association": false,
            "frontend_ip_configuration": [
              {
                "id": "/subscriptions/2d8d3767-6ea6-4e1a-a6b1-606e793fca7d/resourceGroups/shop-app-rg-d48e48e174e2/providers/Microsoft.Network/applicationGateways/app-gateway-d48e48e174e2/frontendIPConfigurations/d48e48e174e2-feip",
                "name": "d48e48e174e2-feip",
                "private_ip_address": "",
                "private_ip_address_allocation": "Dynamic",
                "private_link_configuration_id": "",
                "private_link_configuration_name": "",
                "public_ip_address_id": "/subscriptions/2d8d3767-6ea6-4e1a-a6b1-606e793fca7d/resourceGroups/shop-app-rg-d48e48e174e2/providers/Microsoft.Network/publicIPAddresses/public-ip-d48e48e174e2",
                "subnet_id": ""
              }
            ],
            "frontend_port": [
              {
                "id": "/subscriptions/2d8d3767-6ea6-4e1a-a6b1-606e793fca7d/resourceGroups/shop-app-rg-d48e48e174e2/providers/Microsoft.Network/applicationGateways/app-gateway-d48e48e174e2/frontendPorts/d48e48e174e2-feport",
                "name": "d48e48e174e2-feport",
                "port": 5000
              }
            ],
            "gateway_ip_configuration": [
              {
                "id": "/subscriptions/2d8d3767-6ea6-4e1a-a6b1-606e793fca7d/resourceGroups/shop-app-rg-d48e48e174e2/providers/Microsoft.Network/applicationGateways/app-gateway-d48e48e174e2/gatewayIPConfigurations/app-gateway-ip-configuration-d48e48e174e2",
                "name": "app-gateway-ip-configuration-d48e48e174e2",
                "subnet_id": "/subscriptions/2d8d3767-6ea6-4e1a-a6b1-606e793fca7d/resourceGroups/shop-app-rg-d48e48e174e2/providers/Microsoft.Network/virtualNetworks/d48e48e174e2-vnet/subnets/subnet-app-gateway-d48e48e174e2"
              }
            ],
            "global": [],
            "http_listener": [
              {
                "custom_error_configuration": [],
                "firewall_policy_id": "",
                "frontend_ip_configuration_id": "/subscriptions/2d8d3767-6ea6-4e1a-a6b1-606e793fca7d/resourceGroups/shop-app-rg-d48e48e174e2/providers/Microsoft.Network/applicationGateways/app-gateway-d48e48e174e2/frontendIPConfigurations/d48e48e174e2-feip",
                "frontend_ip_configuration_name": "d48e48e174e2-feip",
                "frontend_port_id": "/subscriptions/2d8d3767-6ea6-4e1a-a6b1-606e793fca7d/resourceGroups/shop-app-rg-d48e48e174e2/providers/Microsoft.Network/applicationGateways/app-gateway-d48e48e174e2/frontendPorts/d48e48e174e2-feport",
                "frontend_port_name": "d48e48e174e2-feport",
                "host_name": "",
                "host_names": [],
                "id": "/subscriptions/2d8d3767-6ea6-4e1a-a6b1-606e793fca7d/resourceGroups/shop-app-rg-d48e48e174e2/providers/Microsoft.Network/applicationGateways/app-gateway-d48e48e174e2/httpListeners/d48e48e174e2-httplstn",
                "name": "d48e48e174e2-httplstn",
                "protocol": "Http",
                "require_sni": false,
                "ssl_certificate_id": "",
                "ssl_certificate_name": "",
                "ssl_profile_id": "",
                "ssl_profile_name": ""
              }
            ],
            "id": "/subscriptions/2d8d3767-6ea6-4e1a-a6b1-606e793fca7d/resourceGroups/shop-app-rg-d48e48e174e2/providers/Microsoft.Network/applicationGateways/app-gateway-d48e48e174e2",
            "identity": [],
            "location": "francecentral",
            "name": "app-gateway-d48e48e174e2",
            "private_endpoint_connection": [],
            "private_link_configuration": [],
            "probe": [],
            "redirect_configuration": [],
            "request_routing_rule": [
              {
                "backend_address_pool_id": "/subscriptions/2d8d3767-6ea6-4e1a-a6b1-606e793fca7d/resourceGroups/shop-app-rg-d48e48e174e2/providers/Microsoft.Network/applicationGateways/app-gateway-d48e48e174e2/backendAddressPools/d48e48e174e2-beap",
                "backend_address_pool_name": "d48e48e174e2-beap",
                "backend_http_settings_id": "/subscriptions/2d8d3767-6ea6-4e1a-a6b1-606e793fca7d/resourceGroups/shop-app-rg-d48e48e174e2/providers/Microsoft.Network/applicationGateways/app-gateway-d48e48e174e2/backendHttpSettingsCollection/d48e48e174e2-be-htst",
                "backend_http_settings_name": "d48e48e174e2-be-htst",
                "http_listener_id": "/subscriptions/2d8d3767-6ea6-4e1a-a6b1-606e793fca7d/resourceGroups/shop-app-rg-d48e48e174e2/providers/Microsoft.Network/applicationGateways/app-gateway-d48e48e174e2/httpListeners/d48e48e174e2-httplstn",
                "http_listener_name": "d48e48e174e2-httplstn",
                "id": "/subscriptions/2d8d3767-6ea6-4e1a-a6b1-606e793fca7d/resourceGroups/shop-app-rg-d48e48e174e2/providers/Microsoft.Network/applicationGateways/app-gateway-d48e48e174e2/requestRoutingRules/d48e48e174e2-rqrt",
                "name": "d48e48e174e2-rqrt",
                "priority": 9,
                "redirect_configuration_id": "",
                "redirect_configuration_name": "",
                "rewrite_rule_set_id": "",
                "rewrite_rule_set_name": "",
                "rule_type": "Basic",
                "url_path_map_id": "",
                "url_path_map_name": ""
              }
            ],
            "resource_group_name": "shop-app-rg-d48e48e174e2",
            "rewrite_rule_set": [],
            "sku": [
              {
                "capacity": 2,
                "name": "Standard_v2",
                "tier": "Standard_v2"
              }
            ],
            "ssl_certificate": [],
            "ssl_policy": [
              {
                "cipher_suites": [],
                "disabled_protocols": [],
                "min_protocol_version": "",
                "policy_name": "AppGwSslPolicy20220101",
                "policy_type": "Predefined"
              }
            ],
            "ssl_profile": [],
            "tags": null,
            "timeouts": null,
            "trusted_client_certificate": [],
            "trusted_root_certificate": [],
            "url_path_map": [],
            "waf_configuration": [],
            "zones": null
          },
          "sensitive_attributes": [],
          "private": "eyJlMmJmYjczMC1lY2FhLTExZTYtOGY4OC0zNDM2M2JjN2M0YzAiOnsiY3JlYXRlIjo1NDAwMDAwMDAwMDAwLCJkZWxldGUiOjU0MDAwMDAwMDAwMDAsInJlYWQiOjMwMDAwMDAwMDAwMCwidXBkYXRlIjo1NDAwMDAwMDAwMDAwfX0=",
          "dependencies": [
            "azurerm_resource_group.shop",
            "module.app_service.azurerm_linux_web_app.app_service_project",
            "module.app_service.azurerm_service_plan.service_plan_project",
            "module.database.azurerm_postgresql_flexible_server.postgresql-server",
            "module.database.azurerm_private_dns_zone.private_dns_zone",
            "module.gateway.azurerm_public_ip.public_ip",
            "module.vnet.azurerm_subnet.subnet_app_gateway",
            "module.vnet.azurerm_subnet.subnet_app_service",
            "module.vnet.azurerm_subnet.subnet_db",
            "module.vnet.azurerm_virtual_network.vnet",
            "random_id.random"
          ]
        }
      ]
    },
    {
      "module": "module.gateway",
      "mode": "managed",
      "type": "azurerm_public_ip",
      "name": "public_ip",
      "provider": "provider[\"registry.terraform.io/hashicorp/azurerm\"]",
      "instances": [
        {
          "schema_version": 0,
          "attributes": {
            "allocation_method": "Static",
            "ddos_protection_mode": "VirtualNetworkInherited",
            "ddos_protection_plan_id": null,
            "domain_name_label": null,
            "domain_name_label_scope": null,
            "edge_zone": "",
            "fqdn": null,
            "id": "/subscriptions/2d8d3767-6ea6-4e1a-a6b1-606e793fca7d/resourceGroups/shop-app-rg-d48e48e174e2/providers/Microsoft.Network/publicIPAddresses/public-ip-d48e48e174e2",
            "idle_timeout_in_minutes": 4,
            "ip_address": "4.211.177.35",
            "ip_tags": null,
            "ip_version": "IPv4",
            "location": "francecentral",
            "name": "public-ip-d48e48e174e2",
            "public_ip_prefix_id": null,
            "resource_group_name": "shop-app-rg-d48e48e174e2",
            "reverse_fqdn": null,
            "sku": "Standard",
            "sku_tier": "Regional",
            "tags": null,
            "timeouts": null,
            "zones": null
          },
          "sensitive_attributes": [],
          "private": "eyJlMmJmYjczMC1lY2FhLTExZTYtOGY4OC0zNDM2M2JjN2M0YzAiOnsiY3JlYXRlIjoxODAwMDAwMDAwMDAwLCJkZWxldGUiOjE4MDAwMDAwMDAwMDAsInJlYWQiOjMwMDAwMDAwMDAwMCwidXBkYXRlIjoxODAwMDAwMDAwMDAwfX0=",
          "dependencies": [
            "azurerm_resource_group.shop",
            "random_id.random"
          ]
        }
      ]
    },
    {
      "module": "module.vnet",
      "mode": "managed",
      "type": "azurerm_network_security_group",
      "name": "nsg-application",
      "provider": "provider[\"registry.terraform.io/hashicorp/azurerm\"]",
      "instances": [
        {
          "schema_version": 0,
          "attributes": {
            "id": "/subscriptions/2d8d3767-6ea6-4e1a-a6b1-606e793fca7d/resourceGroups/shop-app-rg-d48e48e174e2/providers/Microsoft.Network/networkSecurityGroups/nsg-application-d48e48e174e2",
            "location": "francecentral",
            "name": "nsg-application-d48e48e174e2",
            "resource_group_name": "shop-app-rg-d48e48e174e2",
            "security_rule": [
              {
                "access": "Allow",
                "description": "",
                "destination_address_prefix": "10.0.1.0/24",
                "destination_address_prefixes": [],
                "destination_application_security_group_ids": [],
                "destination_port_range": "5000",
                "destination_port_ranges": [],
                "direction": "Inbound",
                "name": "Allow_From_App_Gateway",
                "priority": 200,
                "protocol": "Tcp",
                "source_address_prefix": "10.0.3.0/24",
                "source_address_prefixes": [],
                "source_application_security_group_ids": [],
                "source_port_range": "*",
                "source_port_ranges": []
              }
            ],
            "tags": null,
            "timeouts": null
          },
          "sensitive_attributes": [],
          "private": "eyJlMmJmYjczMC1lY2FhLTExZTYtOGY4OC0zNDM2M2JjN2M0YzAiOnsiY3JlYXRlIjoxODAwMDAwMDAwMDAwLCJkZWxldGUiOjE4MDAwMDAwMDAwMDAsInJlYWQiOjMwMDAwMDAwMDAwMCwidXBkYXRlIjoxODAwMDAwMDAwMDAwfX0=",
          "dependencies": [
            "azurerm_resource_group.shop",
            "random_id.random"
          ]
        }
      ]
    },
    {
      "module": "module.vnet",
      "mode": "managed",
      "type": "azurerm_network_security_group",
      "name": "nsg-database",
      "provider": "provider[\"registry.terraform.io/hashicorp/azurerm\"]",
      "instances": [
        {
          "schema_version": 0,
          "attributes": {
            "id": "/subscriptions/2d8d3767-6ea6-4e1a-a6b1-606e793fca7d/resourceGroups/shop-app-rg-d48e48e174e2/providers/Microsoft.Network/networkSecurityGroups/nsg-database-d48e48e174e2",
            "location": "francecentral",
            "name": "nsg-database-d48e48e174e2",
            "resource_group_name": "shop-app-rg-d48e48e174e2",
            "security_rule": [
              {
                "access": "Allow",
                "description": "",
                "destination_address_prefix": "10.0.2.0/24",
                "destination_address_prefixes": [],
                "destination_application_security_group_ids": [],
                "destination_port_range": "*",
                "destination_port_ranges": [],
                "direction": "Inbound",
                "name": "Allow_From_App_Gateway",
                "priority": 200,
                "protocol": "Tcp",
                "source_address_prefix": "10.0.3.0/24",
                "source_address_prefixes": [],
                "source_application_security_group_ids": [],
                "source_port_range": "*",
                "source_port_ranges": []
              }
            ],
            "tags": null,
            "timeouts": null
          },
          "sensitive_attributes": [],
          "private": "eyJlMmJmYjczMC1lY2FhLTExZTYtOGY4OC0zNDM2M2JjN2M0YzAiOnsiY3JlYXRlIjoxODAwMDAwMDAwMDAwLCJkZWxldGUiOjE4MDAwMDAwMDAwMDAsInJlYWQiOjMwMDAwMDAwMDAwMCwidXBkYXRlIjoxODAwMDAwMDAwMDAwfX0=",
          "dependencies": [
            "azurerm_resource_group.shop",
            "random_id.random"
          ]
        }
      ]
    },
    {
      "module": "module.vnet",
      "mode": "managed",
      "type": "azurerm_subnet",
      "name": "subnet_app_gateway",
      "provider": "provider[\"registry.terraform.io/hashicorp/azurerm\"]",
      "instances": [
        {
          "schema_version": 0,
          "attributes": {
            "address_prefixes": [
              "10.0.3.0/24"
            ],
            "default_outbound_access_enabled": true,
            "delegation": [],
            "id": "/subscriptions/2d8d3767-6ea6-4e1a-a6b1-606e793fca7d/resourceGroups/shop-app-rg-d48e48e174e2/providers/Microsoft.Network/virtualNetworks/d48e48e174e2-vnet/subnets/subnet-app-gateway-d48e48e174e2",
            "name": "subnet-app-gateway-d48e48e174e2",
            "private_endpoint_network_policies": "Disabled",
            "private_link_service_network_policies_enabled": true,
            "resource_group_name": "shop-app-rg-d48e48e174e2",
            "service_endpoint_policy_ids": null,
            "service_endpoints": null,
            "timeouts": null,
            "virtual_network_name": "d48e48e174e2-vnet"
          },
          "sensitive_attributes": [],
          "private": "eyJlMmJmYjczMC1lY2FhLTExZTYtOGY4OC0zNDM2M2JjN2M0YzAiOnsiY3JlYXRlIjoxODAwMDAwMDAwMDAwLCJkZWxldGUiOjE4MDAwMDAwMDAwMDAsInJlYWQiOjMwMDAwMDAwMDAwMCwidXBkYXRlIjoxODAwMDAwMDAwMDAwfX0=",
          "dependencies": [
            "azurerm_resource_group.shop",
            "module.vnet.azurerm_virtual_network.vnet",
            "random_id.random"
          ]
        }
      ]
    },
    {
      "module": "module.vnet",
      "mode": "managed",
      "type": "azurerm_subnet",
      "name": "subnet_app_service",
      "provider": "provider[\"registry.terraform.io/hashicorp/azurerm\"]",
      "instances": [
        {
          "schema_version": 0,
          "attributes": {
            "address_prefixes": [
              "10.0.1.0/24"
            ],
            "default_outbound_access_enabled": true,
            "delegation": [
              {
                "name": "delegation-app-service-d48e48e174e2",
                "service_delegation": [
                  {
                    "actions": [
                      "Microsoft.Network/virtualNetworks/subnets/action"
                    ],
                    "name": "Microsoft.Web/serverFarms"
                  }
                ]
              }
            ],
            "id": "/subscriptions/2d8d3767-6ea6-4e1a-a6b1-606e793fca7d/resourceGroups/shop-app-rg-d48e48e174e2/providers/Microsoft.Network/virtualNetworks/d48e48e174e2-vnet/subnets/subnet-app-service-d48e48e174e2",
            "name": "subnet-app-service-d48e48e174e2",
            "private_endpoint_network_policies": "Disabled",
            "private_link_service_network_policies_enabled": true,
            "resource_group_name": "shop-app-rg-d48e48e174e2",
            "service_endpoint_policy_ids": null,
            "service_endpoints": null,
            "timeouts": null,
            "virtual_network_name": "d48e48e174e2-vnet"
          },
          "sensitive_attributes": [],
          "private": "eyJlMmJmYjczMC1lY2FhLTExZTYtOGY4OC0zNDM2M2JjN2M0YzAiOnsiY3JlYXRlIjoxODAwMDAwMDAwMDAwLCJkZWxldGUiOjE4MDAwMDAwMDAwMDAsInJlYWQiOjMwMDAwMDAwMDAwMCwidXBkYXRlIjoxODAwMDAwMDAwMDAwfX0=",
          "dependencies": [
            "azurerm_resource_group.shop",
            "module.vnet.azurerm_virtual_network.vnet",
            "random_id.random"
          ]
        }
      ]
    },
    {
      "module": "module.vnet",
      "mode": "managed",
      "type": "azurerm_subnet",
      "name": "subnet_db",
      "provider": "provider[\"registry.terraform.io/hashicorp/azurerm\"]",
      "instances": [
        {
          "schema_version": 0,
          "attributes": {
            "address_prefixes": [
              "10.0.2.0/24"
            ],
            "default_outbound_access_enabled": true,
            "delegation": [
              {
                "name": "delegation-db-d48e48e174e2",
                "service_delegation": [
                  {
                    "actions": [
                      "Microsoft.Network/virtualNetworks/subnets/join/action"
                    ],
                    "name": "Microsoft.DBforPostgreSQL/flexibleServers"
                  }
                ]
              }
            ],
            "id": "/subscriptions/2d8d3767-6ea6-4e1a-a6b1-606e793fca7d/resourceGroups/shop-app-rg-d48e48e174e2/providers/Microsoft.Network/virtualNetworks/d48e48e174e2-vnet/subnets/subnet-db-d48e48e174e2",
            "name": "subnet-db-d48e48e174e2",
            "private_endpoint_network_policies": "Disabled",
            "private_link_service_network_policies_enabled": true,
            "resource_group_name": "shop-app-rg-d48e48e174e2",
            "service_endpoint_policy_ids": null,
            "service_endpoints": [
              "Microsoft.Storage"
            ],
            "timeouts": null,
            "virtual_network_name": "d48e48e174e2-vnet"
          },
          "sensitive_attributes": [],
          "private": "eyJlMmJmYjczMC1lY2FhLTExZTYtOGY4OC0zNDM2M2JjN2M0YzAiOnsiY3JlYXRlIjoxODAwMDAwMDAwMDAwLCJkZWxldGUiOjE4MDAwMDAwMDAwMDAsInJlYWQiOjMwMDAwMDAwMDAwMCwidXBkYXRlIjoxODAwMDAwMDAwMDAwfX0=",
          "dependencies": [
            "azurerm_resource_group.shop",
            "module.vnet.azurerm_virtual_network.vnet",
            "random_id.random"
          ]
        }
      ]
    },
    {
      "module": "module.vnet",
      "mode": "managed",
      "type": "azurerm_virtual_network",
      "name": "vnet",
      "provider": "provider[\"registry.terraform.io/hashicorp/azurerm\"]",
      "instances": [
        {
          "schema_version": 0,
          "attributes": {
            "address_space": [
              "10.0.0.0/16"
            ],
            "bgp_community": "",
            "ddos_protection_plan": [],
            "dns_servers": [],
            "edge_zone": "",
            "encryption": [],
            "flow_timeout_in_minutes": 0,
            "guid": "a5904bb8-7768-4eb8-b420-ac8ca3af09b4",
            "id": "/subscriptions/2d8d3767-6ea6-4e1a-a6b1-606e793fca7d/resourceGroups/shop-app-rg-d48e48e174e2/providers/Microsoft.Network/virtualNetworks/d48e48e174e2-vnet",
            "location": "francecentral",
            "name": "d48e48e174e2-vnet",
            "resource_group_name": "shop-app-rg-d48e48e174e2",
            "subnet": [],
            "tags": null,
            "timeouts": null
          },
          "sensitive_attributes": [],
          "private": "eyJlMmJmYjczMC1lY2FhLTExZTYtOGY4OC0zNDM2M2JjN2M0YzAiOnsiY3JlYXRlIjoxODAwMDAwMDAwMDAwLCJkZWxldGUiOjE4MDAwMDAwMDAwMDAsInJlYWQiOjMwMDAwMDAwMDAwMCwidXBkYXRlIjoxODAwMDAwMDAwMDAwfX0=",
          "dependencies": [
            "azurerm_resource_group.shop",
            "random_id.random"
          ]
        }
      ]
    }
  ],
  "check_results": null
}
